Microsoft Visual Studio Solution File, Format Version 12.00
# Visual Studio Version 17
VisualStudioVersion = 17.5.2.0
MinimumVisualStudioVersion = 10.0.40219.1
Project("{FAE04EC0-301F-11D3-BF4B-00C04F79EFBC}") = "CSRenamer", "CSRenamer.csproj", "{1E09144F-BC0F-87F8-6724-AC0EC231ECFD}"
EndProject
Global
	GlobalSection(SolutionConfigurationPlatforms) = preSolution
		Debug|Any CPU = Debug|Any CPU
		Release|Any CPU = Release|Any CPU
	EndGlobalSection
	GlobalSection(ProjectConfigurationPlatforms) = postSolution
		{1E09144F-BC0F-87F8-6724-AC0EC231ECFD}.Debug|Any CPU.ActiveCfg = Debug|Any CPU
		{1E09144F-BC0F-87F8-6724-AC0EC231ECFD}.Debug|Any CPU.Build.0 = Debug|Any CPU
		{1E09144F-BC0F-87F8-6724-AC0EC231ECFD}.Release|Any CPU.ActiveCfg = Release|Any CPU
		{1E09144F-BC0F-87F8-6724-AC0EC231ECFD}.Release|Any CPU.Build.0 = Release|Any CPU
	EndGlobalSection
	GlobalSection(SolutionProperties) = preSolution
		HideSolutionNode = FALSE
	EndGlobalSection
	GlobalSection(ExtensibilityGlobals) = postSolution
		SolutionGuid = {3F6374EF-B639-4668-967F-DE60EB464CFF}
	EndGlobalSection
EndGlobal
